// !$*UTF8*$!
{
	archiveVersion = 1;
	classes = {
	};
	objectVersion = 46;
	objects = {

/* Begin PBXBuildFile section */
		F2BC8BA61A6F47D700443158 /* AppDelegate.swift in Sources */ = {isa = PBXBuildFile; fileRef = F2BC8BA51A6F47D700443158 /* AppDelegate.swift */; };
		F2BC8BA81A6F47D700443158 /* ViewController.swift in Sources */ = {isa = PBXBuildFile; fileRef = F2BC8BA71A6F47D700443158 /* ViewController.swift */; };
		F2BC8BAB1A6F47D700443158 /* Main.storyboard in Resources */ = {isa = PBXBuildFile; fileRef = F2BC8BA91A6F47D700443158 /* Main.storyboard */; };
		F2BC8BAD1A6F47D700443158 /* Images.xcassets in Resources */ = {isa = PBXBuildFile; fileRef = F2BC8BAC1A6F47D700443158 /* Images.xcassets */; };
		F2BC8BB01A6F47D700443158 /* LaunchScreen.xib in Resources */ = {isa = PBXBuildFile; fileRef = F2BC8BAE1A6F47D700443158 /* LaunchScreen.xib */; };
		F2BC8BBC1A6F47D700443158 /* TestComplexMacroTests.swift in Sources */ = {isa = PBXBuildFile; fileRef = F2BC8BBB1A6F47D700443158 /* TestComplexMacroTests.swift */; };
/* End PBXBuildFile section */

/* Begin PBXContainerItemProxy section */
		F2BC8BB61A6F47D700443158 /* PBXContainerItemProxy */ = {
			isa = PBXContainerItemProxy;
			containerPortal = F2BC8B981A6F47D700443158 /* Project object */;
			proxyType = 1;
			remoteGlobalIDString = F2BC8B9F1A6F47D700443158;
			remoteInfo = TestComplexMacro;
		};
/* End PBXContainerItemProxy section */

/* Begin PBXFileReference section */
		F2BC8BA01A6F47D700443158 /* TestComplexMacro.app */ = {isa = PBXFileReference; explicitFileType = wrapper.application; includeInIndex = 0; path = TestComplexMacro.app; sourceTree = BUILT_PRODUCTS_DIR; };
		F2BC8BA41A6F47D700443158 /* Info.plist */ = {isa = PBXFileReference; lastKnownFileType = text.plist.xml; path = Info.plist; sourceTree = "<group>"; };
		F2BC8BA51A6F47D700443158 /* AppDelegate.swift */ = {isa = PBXFileReference; lastKnownFileType = sourcecode.swift; path = AppDelegate.swift; sourceTree = "<group>"; };
		F2BC8BA71A6F47D700443158 /* ViewController.swift */ = {isa = PBXFileReference; lastKnownFileType = sourcecode.swift; path = ViewController.swift; sourceTree = "<group>"; };
		F2BC8BAA1A6F47D700443158 /* Base */ = {isa = PBXFileReference; lastKnownFileType = file.storyboard; name = Base; path = Base.lproj/Main.storyboard; sourceTree = "<group>"; };
		F2BC8BAC1A6F47D700443158 /* Images.xcassets */ = {isa = PBXFileReference; lastKnownFileType = folder.assetcatalog; path = Images.xcassets; sourceTree = "<group>"; };
		F2BC8BAF1A6F47D700443158 /* Base */ = {isa = PBXFileReference; lastKnownFileType = file.xib; name = Base; path = Base.lproj/LaunchScreen.xib; sourceTree = "<group>"; };
		F2BC8BB51A6F47D700443158 /* TestComplexMacroTests.xctest */ = {isa = PBXFileReference; explicitFileType = wrapper.cfbundle; includeInIndex = 0; path = TestComplexMacroTests.xctest; sourceTree = BUILT_PRODUCTS_DIR; };
		F2BC8BBA1A6F47D700443158 /* Info.plist */ = {isa = PBXFileReference; lastKnownFileType = text.plist.xml; path = Info.plist; sourceTree = "<group>"; };
		F2BC8BBB1A6F47D700443158 /* TestComplexMacroTests.swift */ = {isa = PBXFileReference; lastKnownFileType = sourcecode.swift; path = TestComplexMacroTests.swift; sourceTree = "<group>"; };
/* End PBXFileReference section */

/* Begin PBXFrameworksBuildPhase section */
		F2BC8B9D1A6F47D700443158 /* Frameworks */ = {
			isa = PBXFrameworksBuildPhase;
			buildActionMask = 2147483647;
			files = (
			);
			runOnlyForDeploymentPostprocessing = 0;
		};
		F2BC8BB21A6F47D700443158 /* Frameworks */ = {
			isa = PBXFrameworksBuildPhase;
			buildActionMask = 2147483647;
			files = (
			);
			runOnlyForDeploymentPostprocessing = 0;
		};
/* End PBXFrameworksBuildPhase section */

/* Begin PBXGroup section */
		F2BC8B971A6F47D700443158 = {
			isa = PBXGroup;
			children = (
				F2BC8BA21A6F47D700443158 /* TestComplexMacro */,
				F2BC8BB81A6F47D700443158 /* TestComplexMacroTests */,
				F2BC8BA11A6F47D700443158 /* Products */,
			);
			sourceTree = "<group>";
		};
		F2BC8BA11A6F47D700443158 /* Products */ = {
			isa = PBXGroup;
			children = (
				F2BC8BA01A6F47D700443158 /* TestComplexMacro.app */,
				F2BC8BB51A6F47D700443158 /* TestComplexMacroTests.xctest */,
			);
			name = Products;
			sourceTree = "<group>";
		};
		F2BC8BA21A6F47D700443158 /* TestComplexMacro */ = {
			isa = PBXGroup;
			children = (
				F2BC8BA51A6F47D700443158 /* AppDelegate.swift */,
				F2BC8BA71A6F47D700443158 /* ViewController.swift */,
				F2BC8BA91A6F47D700443158 /* Main.storyboard */,
				F2BC8BAC1A6F47D700443158 /* Images.xcassets */,
				F2BC8BAE1A6F47D700443158 /* LaunchScreen.xib */,
				F2BC8BA31A6F47D700443158 /* Supporting Files */,
			);
			path = TestComplexMacro;
			sourceTree = "<group>";
		};
		F2BC8BA31A6F47D700443158 /* Supporting Files */ = {
			isa = PBXGroup;
			children = (
				F2BC8BA41A6F47D700443158 /* Info.plist */,
			);
			name = "Supporting Files";
			sourceTree = "<group>";
		};
		F2BC8BB81A6F47D700443158 /* TestComplexMacroTests */ = {
			isa = PBXGroup;
			children = (
				F2BC8BBB1A6F47D700443158 /* TestComplexMacroTests.swift */,
				F2BC8BB91A6F47D700443158 /* Supporting Files */,
			);
			path = TestComplexMacroTests;
			sourceTree = "<group>";
		};
		F2BC8BB91A6F47D700443158 /* Supporting Files */ = {
			isa = PBXGroup;
			children = (
				F2BC8BBA1A6F47D700443158 /* Info.plist */,
			);
			name = "Supporting Files";
			sourceTree = "<group>";
		};
/* End PBXGroup section */

/* Begin PBXNativeTarget section */
		F2BC8B9F1A6F47D700443158 /* TestComplexMacro */ = {
			isa = PBXNativeTarget;
			buildConfigurationList = F2BC8BBF1A6F47D700443158 /* Build configuration list for PBXNativeTarget "TestComplexMacro" */;
			buildPhases = (
				F2BC8B9C1A6F47D700443158 /* Sources */,
				F2BC8B9D1A6F47D700443158 /* Frameworks */,
				F2BC8B9E1A6F47D700443158 /* Resources */,
			);
			buildRules = (
			);
			dependencies = (
			);
			name = TestComplexMacro;
			productName = TestComplexMacro;
			productReference = F2BC8BA01A6F47D700443158 /* TestComplexMacro.app */;
			productType = "com.apple.product-type.application";
		};
		F2BC8BB41A6F47D700443158 /* TestComplexMacroTests */ = {
			isa = PBXNativeTarget;
			buildConfigurationList = F2BC8BC21A6F47D700443158 /* Build configuration list for PBXNativeTarget "TestComplexMacroTests" */;
			buildPhases = (
				F2BC8BB11A6F47D700443158 /* Sources */,
				F2BC8BB21A6F47D700443158 /* Frameworks */,
				F2BC8BB31A6F47D700443158 /* Resources */,
			);
			buildRules = (
			);
			dependencies = (
				F2BC8BB71A6F47D700443158 /* PBXTargetDependency */,
			);
			name = TestComplexMacroTests;
			productName = TestComplexMacroTests;
			productReference = F2BC8BB51A6F47D700443158 /* TestComplexMacroTests.xctest */;
			productType = "com.apple.product-type.bundle.unit-test";
		};
/* End PBXNativeTarget section */

/* Begin PBXProject section */
		F2BC8B981A6F47D700443158 /* Project object */ = {
			isa = PBXProject;
			attributes = {
				LastUpgradeCheck = 0610;
				ORGANIZATIONNAME = "Andrew Bancroft";
				TargetAttributes = {
					F2BC8B9F1A6F47D700443158 = {
						CreatedOnToolsVersion = 6.1.1;
					};
					F2BC8BB41A6F47D700443158 = {
						CreatedOnToolsVersion = 6.1.1;
						TestTargetID = F2BC8B9F1A6F47D700443158;
					};
				};
			};
			buildConfigurationList = F2BC8B9B1A6F47D700443158 /* Build configuration list for PBXProject "TestComplexMacro" */;
			compatibilityVersion = "Xcode 3.2";
			developmentRegion = English;
			hasScannedForEncodings = 0;
			knownRegions = (
				en,
				Base,
			);
			mainGroup = F2BC8B971A6F47D700443158;
			productRefGroup = F2BC8BA11A6F47D700443158 /* Products */;
			projectDirPath = "";
			projectRoot = "";
			targets = (
				F2BC8B9F1A6F47D700443158 /* TestComplexMacro */,
				F2BC8BB41A6F47D700443158 /* TestComplexMacroTests */,
			);
		};
/* End PBXProject section */

/* Begin PBXResourcesBuildPhase section */
		F2BC8B9E1A6F47D700443158 /* Resources */ = {
			isa = PBXResourcesBuildPhase;
			buildActionMask = 2147483647;
			files = (
				F2BC8BAB1A6F47D700443158 /* Main.storyboard in Resources */,
				F2BC8BB01A6F47D700443158 /* LaunchScreen.xib in Resources */,
				F2BC8BAD1A6F47D700443158 /* Images.xcassets in Resources */,
			);
			runOnlyForDeploymentPostprocessing = 0;
		};
		F2BC8BB31A6F47D700443158 /* Resources */ = {
			isa = PBXResourcesBuildPhase;
			buildActionMask = 2147483647;
			files = (
			);
			runOnlyForDeploymentPostprocessing = 0;
		};
/* End PBXResourcesBuildPhase section */

/* Begin PBXSourcesBuildPhase section */
		F2BC8B9C1A6F47D700443158 /* Sources */ = {
			isa = PBXSourcesBuildPhase;
			buildActionMask = 2147483647;
			files = (
				F2BC8BA81A6F47D700443158 /* ViewController.swift in Sources */,
				F2BC8BA61A6F47D700443158 /* AppDelegate.swift in Sources */,
			);
			runOnlyForDeploymentPostprocessing = 0;
		};
		F2BC8BB11A6F47D700443158 /* Sources */ = {
			isa = PBXSourcesBuildPhase;
			buildActionMask = 2147483647;
			files = (
				F2BC8BBC1A6F47D700443158 /* TestComplexMacroTests.swift in Sources */,
			);
			runOnlyForDeploymentPostprocessing = 0;
		};
/* End PBXSourcesBuildPhase section */

/* Begin PBXTargetDependency section */
		F2BC8BB71A6F47D700443158 /* PBXTargetDependency */ = {
			isa = PBXTargetDependency;
			target = F2BC8B9F1A6F47D700443158 /* TestComplexMacro */;
			targetProxy = F2BC8BB61A6F47D700443158 /* PBXContainerItemProxy */;
		};
/* End PBXTargetDependency section */

/* Begin PBXVariantGroup section */
		F2BC8BA91A6F47D700443158 /* Main.storyboard */ = {
			isa = PBXVariantGroup;
			children = (
				F2BC8BAA1A6F47D700443158 /* Base */,
			);
			name = Main.storyboard;
			sourceTree = "<group>";
		};
		F2BC8BAE1A6F47D700443158 /* LaunchScreen.xib */ = {
			isa = PBXVariantGroup;
			children = (
				F2BC8BAF1A6F47D700443158 /* Base */,
			);
			name = LaunchScreen.xib;
			sourceTree = "<group>";
		};
/* End PBXVariantGroup section */

/* Begin XCBuildConfiguration section */
		F2BC8BBD1A6F47D700443158 /* Debug */ = {
			isa = XCBuildConfiguration;
			buildSettings = {
				ALWAYS_SEARCH_USER_PATHS = NO;
				CLANG_CXX_LANGUAGE_STANDARD = "gnu++0x";
				CLANG_CXX_LIBRARY = "libc++";
				CLANG_ENABLE_MODULES = YES;
				CLANG_ENABLE_OBJC_ARC = YES;
				CLANG_WARN_BOOL_CONVERSION = YES;
				CLANG_WARN_CONSTANT_CONVERSION = YES;
				CLANG_WARN_DIRECT_OBJC_ISA_USAGE = YES_ERROR;
				CLANG_WARN_EMPTY_BODY = YES;
				CLANG_WARN_ENUM_CONVERSION = YES;
				CLANG_WARN_INT_CONVERSION = YES;
				CLANG_WARN_OBJC_ROOT_CLASS = YES_ERROR;
				CLANG_WARN_UNREACHABLE_CODE = YES;
				CLANG_WARN__DUPLICATE_METHOD_MATCH = YES;
				"CODE_SIGN_IDENTITY[sdk=iphoneos*]" = "iPhone Developer";
				COPY_PHASE_STRIP = NO;
				ENABLE_STRICT_OBJC_MSGSEND = YES;
				GCC_C_LANGUAGE_STANDARD = gnu99;
				GCC_DYNAMIC_NO_PIC = NO;
				GCC_OPTIMIZATION_LEVEL = 0;
				GCC_PREPROCESSOR_DEFINITIONS = (
					"DEBUG=1",
					"$(inherited)",
				);
				GCC_SYMBOLS_PRIVATE_EXTERN = NO;
				GCC_WARN_64_TO_32_BIT_CONVERSION = YES;
				GCC_WARN_ABOUT_RETURN_TYPE = YES_ERROR;
				GCC_WARN_UNDECLARED_SELECTOR = YES;
				GCC_WARN_UNINITIALIZED_AUTOS = YES_AGGRESSIVE;
				GCC_WARN_UNUSED_FUNCTION = YES;
				GCC_WARN_UNUSED_VARIABLE = YES;
				IPHONEOS_DEPLOYMENT_TARGET = 8.1;
				MTL_ENABLE_DEBUG_INFO = YES;
				ONLY_ACTIVE_ARCH = YES;
				SDKROOT = iphoneos;
				SWIFT_OPTIMIZATION_LEVEL = "-Onone";
				TARGETED_DEVICE_FAMILY = "1,2";
			};
			name = Debug;
		};
		F2BC8BBE1A6F47D700443158 /* Release */ = {
			isa = XCBuildConfiguration;
			buildSettings = {
				ALWAYS_SEARCH_USER_PATHS = NO;
				CLANG_CXX_LANGUAGE_STANDARD = "gnu++0x";
				CLANG_CXX_LIBRARY = "libc++";
				CLANG_ENABLE_MODULES = YES;
				CLANG_ENABLE_OBJC_ARC = YES;
				CLANG_WARN_BOOL_CONVERSION = YES;
				CLANG_WARN_CONSTANT_CONVERSION = YES;
				CLANG_WARN_DIRECT_OBJC_ISA_USAGE = YES_ERROR;
				CLANG_WARN_EMPTY_BODY = YES;
				CLANG_WARN_ENUM_CONVERSION = YES;
				CLANG_WARN_INT_CONVERSION = YES;
				CLANG_WARN_OBJC_ROOT_CLASS = YES_ERROR;
				CLANG_WARN_UNREACHABLE_CODE = YES;
				CLANG_WARN__DUPLICATE_METHOD_MATCH = YES;
				"CODE_SIGN_IDENTITY[sdk=iphoneos*]" = "iPhone Developer";
				COPY_PHASE_STRIP = YES;
				ENABLE_NS_ASSERTIONS = NO;
				ENABLE_STRICT_OBJC_MSGSEND = YES;
				GCC_C_LANGUAGE_STANDARD = gnu99;
				GCC_WARN_64_TO_32_BIT_CONVERSION = YES;
				GCC_WARN_ABOUT_RETURN_TYPE = YES_ERROR;
				GCC_WARN_UNDECLARED_SELECTOR = YES;
				GCC_WARN_UNINITIALIZED_AUTOS = YES_AGGRESSIVE;
				GCC_WARN_UNUSED_FUNCTION = YES;
				GCC_WARN_UNUSED_VARIABLE = YES;
				IPHONEOS_DEPLOYMENT_TARGET = 8.1;
				MTL_ENABLE_DEBUG_INFO = NO;
				SDKROOT = iphoneos;
				TARGETED_DEVICE_FAMILY = "1,2";
				VALIDATE_PRODUCT = YES;
			};
			name = Release;
		};
		F2BC8BC01A6F47D700443158 /* Debug */ = {
			isa = XCBuildConfiguration;
			buildSettings = {
				ASSETCATALOG_COMPILER_APPICON_NAME = AppIcon;
				INFOPLIST_FILE = TestComplexMacro/Info.plist;
				LD_RUNPATH_SEARCH_PATHS = "$(inherited) @executable_path/Frameworks";
				PRODUCT_NAME = "$(TARGET_NAME)";
			};
			name = Debug;
		};
		F2BC8BC11A6F47D700443158 /* Release */ = {
			isa = XCBuildConfiguration;
			buildSettings = {
				ASSETCATALOG_COMPILER_APPICON_NAME = AppIcon;
				INFOPLIST_FILE = TestComplexMacro/Info.plist;
				LD_RUNPATH_SEARCH_PATHS = "$(inherited) @executable_path/Frameworks";
				PRODUCT_NAME = "$(TARGET_NAME)";
			};
			name = Release;
		};
		F2BC8BC31A6F47D700443158 /* Debug */ = {
			isa = XCBuildConfiguration;
			buildSettings = {
				BUNDLE_LOADER = "$(TEST_HOST)";
				FRAMEWORK_SEARCH_PATHS = (
					"$(SDKROOT)/Developer/Library/Frameworks",
					"$(inherited)",
				);
				GCC_PREPROCESSOR_DEFINITIONS = (
					"DEBUG=1",
					"$(inherited)",
				);
				INFOPLIST_FILE = TestComplexMacroTests/Info.plist;
				LD_RUNPATH_SEARCH_PATHS = "$(inherited) @executable_path/Frameworks @loader_path/Frameworks";
				PRODUCT_NAME = "$(TARGET_NAME)";
				TEST_HOST = "$(BUILT_PRODUCTS_DIR)/TestComplexMacro.app/TestComplexMacro";
			};
			name = Debug;
		};
		F2BC8BC41A6F47D700443158 /* Release */ = {
			isa = XCBuildConfiguration;
			buildSettings = {
				BUNDLE_LOADER = "$(TEST_HOST)";
				FRAMEWORK_SEARCH_PATHS = (
					"$(SDKROOT)/Developer/Library/Frameworks",
					"$(inherited)",
				);
				INFOPLIST_FILE = TestComplexMacroTests/Info.plist;
				LD_RUNPATH_SEARCH_PATHS = "$(inherited) @executable_path/Frameworks @loader_path/Frameworks";
				PRODUCT_NAME = "$(TARGET_NAME)";
				TEST_HOST = "$(BUILT_PRODUCTS_DIR)/TestComplexMacro.app/TestComplexMacro";
			};
			name = Release;
		};
/* End XCBuildConfiguration section */

/* Begin XCConfigurationList section */
		F2BC8B9B1A6F47D700443158 /* Build configuration list for PBXProject "TestComplexMacro" */ = {
			isa = XCConfigurationList;
			buildConfigurations = (
				F2BC8BBD1A6F47D700443158 /* Debug */,
				F2BC8BBE1A6F47D700443158 /* Release */,
			);
			defaultConfigurationIsVisible = 0;
			defaultConfigurationName = Release;
		};
		F2BC8BBF1A6F47D700443158 /* Build configuration list for PBXNativeTarget "TestComplexMacro" */ = {
			isa = XCConfigurationList;
			buildConfigurations = (
				F2BC8BC01A6F47D700443158 /* Debug */,
				F2BC8BC11A6F47D700443158 /* Release */,
			);
			defaultConfigurationIsVisible = 0;
		};
		F2BC8BC21A6F47D700443158 /* Build configuration list for PBXNativeTarget "TestComplexMacroTests" */ = {
			isa = XCConfigurationList;
			buildConfigurations = (
				F2BC8BC31A6F47D700443158 /* Debug */,
				F2BC8BC41A6F47D700443158 /* Release */,
			);
			defaultConfigurationIsVisible = 0;
		};
/* End XCConfigurationList section */
	};
	rootObject = F2BC8B981A6F47D700443158 /* Project object */;
}
